<?xml version="1.0" encoding="utf-8"?>
<Project ToolsVersion="4.0" xmlns="http://schemas.microsoft.com/developer/msbuild/2003">
  <ItemGroup>
    <Filter Include="Source Files">
      <UniqueIdentifier>{4FC737F1-C7A5-4376-A066-2A32D752A2FF}</UniqueIdentifier>
      <Extensions>cpp;c;cc;cxx;def;odl;idl;hpj;bat;asm;asmx</Extensions>
    </Filter>
    <Filter Include="Header Files">
      <UniqueIdentifier>{93995380-89BD-4b04-88EB-625FBE52EBFB}</UniqueIdentifier>
      <Extensions>h;hpp;hxx;hm;inl;inc;xsd</Extensions>
    </Filter>
    <Filter Include="Resource Files">
      <UniqueIdentifier>{67DA6AB6-F800-4c08-8B7A-83BB121AAD01}</UniqueIdentifier>
      <Extensions>rc;ico;cur;bmp;dlg;rc2;rct;bin;rgs;gif;jpg;jpeg;jpe;resx;tiff;tif;png;wav;mfcribbon-ms</Extensions>
    </Filter>
  </ItemGroup>
  <ItemGroup>
    <None Include="ReadMe.txt" />
    <None Include="ClassDiagram1.cd" />
  </ItemGroup>
  <ItemGroup>
    <ClInclude Include="stdafx.h">
      <Filter>Header Files</Filter>
    </ClInclude>
    <ClInclude Include="targetver.h">
      <Filter>Header Files</Filter>
    </ClInclude>
    <ClInclude Include="DP_exercises.h">
      <Filter>Header Files</Filter>
    </ClInclude>
    <ClInclude Include="Helper.h">
      <Filter>Header Files</Filter>
    </ClInclude>
    <ClInclude Include="HashMap.h">
      <Filter>Header Files</Filter>
    </ClInclude>
    <ClInclude Include="RMQ_LCA.h">
      <Filter>Header Files</Filter>
    </ClInclude>
    <ClInclude Include="BinaryTree.h">
      <Filter>Header Files</Filter>
    </ClInclude>
    <ClInclude Include="BitSetCount.h">
      <Filter>Header Files</Filter>
    </ClInclude>
    <ClInclude Include="RegEx.h">
      <Filter>Header Files</Filter>
    </ClInclude>
    <ClInclude Include="BitMagic.h">
      <Filter>Header Files</Filter>
    </ClInclude>
    <ClInclude Include="String.h">
      <Filter>Header Files</Filter>
    </ClInclude>
    <ClInclude Include="reverse_word.h">
      <Filter>Header Files</Filter>
    </ClInclude>
    <ClInclude Include="HeapEtAl.h">
      <Filter>Header Files</Filter>
    </ClInclude>
    <ClInclude Include="BigInt.h">
      <Filter>Header Files</Filter>
    </ClInclude>
    <ClInclude Include="Avector.h">
      <Filter>Header Files</Filter>
    </ClInclude>
    <ClInclude Include="CPstring.h">
      <Filter>Header Files</Filter>
    </ClInclude>
    <ClInclude Include="bool.h">
      <Filter>Header Files</Filter>
    </ClInclude>
    <ClInclude Include="CardPick.h">
      <Filter>Header Files</Filter>
    </ClInclude>
    <ClInclude Include="Polygon.h">
      <Filter>Header Files</Filter>
    </ClInclude>
    <ClInclude Include="MyTriliza.h">
      <Filter>Header Files</Filter>
    </ClInclude>
    <ClInclude Include="Sorting.h">
      <Filter>Header Files</Filter>
    </ClInclude>
    <ClInclude Include="tc.h">
      <Filter>Header Files</Filter>
    </ClInclude>
    <ClInclude Include="Graphs.h">
      <Filter>Header Files</Filter>
    </ClInclude>
    <ClInclude Include="Graph-MAW.h">
      <Filter>Header Files</Filter>
    </ClInclude>
    <ClInclude Include="SortedLLtoBST.h">
      <Filter>Header Files</Filter>
    </ClInclude>
    <ClInclude Include="Palindromic.h">
      <Filter>Header Files</Filter>
    </ClInclude>
    <ClInclude Include="DivideNConquer.h">
      <Filter>Header Files</Filter>
    </ClInclude>
    <ClInclude Include="BinarySearch.h">
      <Filter>Header Files</Filter>
    </ClInclude>
    <ClInclude Include="binary_tree_pretty_print.h">
      <Filter>Header Files</Filter>
    </ClInclude>
    <ClInclude Include="BFS.h">
      <Filter>Header Files</Filter>
    </ClInclude>
    <ClInclude Include="DuplicatesInArray.h">
      <Filter>Header Files</Filter>
    </ClInclude>
    <ClInclude Include="BaseConversion.h">
      <Filter>Header Files</Filter>
    </ClInclude>
    <ClInclude Include="BitVector.h">
      <Filter>Header Files</Filter>
    </ClInclude>
    <ClInclude Include="anagram.h">
      <Filter>Header Files</Filter>
    </ClInclude>
    <ClInclude Include="epic.h">
      <Filter>Header Files</Filter>
    </ClInclude>
  </ItemGroup>
  <ItemGroup>
    <ClCompile Include="stdafx.cpp">
      <Filter>Source Files</Filter>
    </ClCompile>
    <ClCompile Include="DP_exercises.cpp">
      <Filter>Source Files</Filter>
    </ClCompile>
    <ClCompile Include="Project_Exercise.cpp">
      <Filter>Source Files</Filter>
    </ClCompile>
    <ClCompile Include="Helper.cpp">
      <Filter>Source Files</Filter>
    </ClCompile>
    <ClCompile Include="HashMap.cpp">
      <Filter>Source Files</Filter>
    </ClCompile>
    <ClCompile Include="String.cpp">
      <Filter>Source Files</Filter>
    </ClCompile>
    <ClCompile Include="RMQ_LCA.cpp">
      <Filter>Source Files</Filter>
    </ClCompile>
    <ClCompile Include="BinaryTree.cpp">
      <Filter>Source Files</Filter>
    </ClCompile>
    <ClCompile Include="BitSetCount.cpp">
      <Filter>Source Files</Filter>
    </ClCompile>
    <ClCompile Include="RegEx.cpp">
      <Filter>Source Files</Filter>
    </ClCompile>
    <ClCompile Include="BitMagic.cpp">
      <Filter>Source Files</Filter>
    </ClCompile>
    <ClCompile Include="reverse_word.cpp">
      <Filter>Source Files</Filter>
    </ClCompile>
    <ClCompile Include="HeapEtAl.cpp">
      <Filter>Source Files</Filter>
    </ClCompile>
    <ClCompile Include="Backtracking.cpp">
      <Filter>Source Files</Filter>
    </ClCompile>
    <ClCompile Include="DivideNConquer.cpp">
      <Filter>Source Files</Filter>
    </ClCompile>
    <ClCompile Include="BigInt.cpp">
      <Filter>Source Files</Filter>
    </ClCompile>
    <ClCompile Include="CardPick.cpp">
      <Filter>Source Files</Filter>
    </ClCompile>
    <ClCompile Include="Polygon.cpp">
      <Filter>Source Files</Filter>
    </ClCompile>
    <ClCompile Include="MyTriliza.cpp">
      <Filter>Source Files</Filter>
    </ClCompile>
    <ClCompile Include="Triliza.cpp">
      <Filter>Source Files</Filter>
    </ClCompile>
    <ClCompile Include="Sorting.cpp">
      <Filter>Source Files</Filter>
    </ClCompile>
    <ClCompile Include="tc.cpp">
      <Filter>Source Files</Filter>
    </ClCompile>
    <ClCompile Include="Comparators.cpp">
      <Filter>Source Files</Filter>
    </ClCompile>
    <ClCompile Include="Graphs.cpp">
      <Filter>Source Files</Filter>
    </ClCompile>
    <ClCompile Include="Graph-MAW.cpp">
      <Filter>Source Files</Filter>
    </ClCompile>
    <ClCompile Include="SortedLLtoBST.cpp">
      <Filter>Source Files</Filter>
    </ClCompile>
    <ClCompile Include="Palindromic.cpp">
      <Filter>Source Files</Filter>
    </ClCompile>
    <ClCompile Include="BinarySearch.cpp">
      <Filter>Source Files</Filter>
    </ClCompile>
    <ClCompile Include="binary_tree_pretty_print.cpp">
      <Filter>Source Files</Filter>
    </ClCompile>
    <ClCompile Include="BFS.cpp">
      <Filter>Source Files</Filter>
    </ClCompile>
    <ClCompile Include="DuplicatesInArray.cpp">
      <Filter>Source Files</Filter>
    </ClCompile>
    <ClCompile Include="BaseConversion.cpp">
      <Filter>Source Files</Filter>
    </ClCompile>
    <ClCompile Include="BitVector.cpp">
      <Filter>Source Files</Filter>
    </ClCompile>
    <ClCompile Include="anagram.cpp">
      <Filter>Source Files</Filter>
    </ClCompile>
    <ClCompile Include="epic.cpp">
      <Filter>Source Files</Filter>
    </ClCompile>
  </ItemGroup>
</Project>